{
  "name": "La-Casa",
  "lockfileVersion": 3,
  "requires": true,
  "packages": {
    "": {
      "dependencies": {
        "@vercel/analytics": "^2.0.1",
        "react": "^19.2.7",
        "react-dom": "^19.2.7"
      }
    },
    "node_modules/@vercel/analytics": {
      "version": "2.0.1",
      "resolved": "https://registry.npmjs.org/@vercel/analytics/-/analytics-2.0.1.tgz",
      "integrity": "sha512-MTQG6V9qQrt1tsDeF+2Uoo5aPjqbVPys1xvnIftXSJYG2SrwXRHnqEvVoYID7BTruDz4lCd2Z7rM1BdkUehk2g==",
      "license": "MIT",
      "peerDependencies": {
        "@remix-run/react": "^2",
        "@sveltejs/kit": "^1 || ^2",
        "next": ">= 13",
        "nuxt": ">= 3",
        "react": "^18 || ^19 || ^19.0.0-rc",
        "svelte": ">= 4",
        "vue": "^3",
        "vue-router": "^4"
      },
      "peerDependenciesMeta": {
        "@remix-run/react": {
          "optional": true
        },
        "@sveltejs/kit": {
          "optional": true
        },
        "next": {
          "optional": true
        },
        "nuxt": {
          "optional": true
        },
        "react": {
          "optional": true
        },
        "svelte": {
          "optional": true
        },
        "vue": {
          "optional": true
        },
        "vue-router": {
          "optional": true
        }
      }
    },
    "node_modules/react": {
      "version": "19.2.7",
      "resolved": "https://registry.npmjs.org/react/-/react-19.2.7.tgz",
      "integrity": "sha512-HNe9WslTbXmFK8o8cmwgAeJFSBvt1bPdHCVKtaaV+WlAN36mpT4hcRpwbf3fY56ar2oIXzsBpOAiIRHAdY0OlQ==",
      "license": "MIT",
      "engines": {
        "node": ">=0.10.0"
      }
    },
    "node_modules/react-dom": {
      "version": "19.2.7",
      "resolved": "https://registry.npmjs.org/react-dom/-/react-dom-19.2.7.tgz",
      "integrity": "sha512-t0BRVXvbiE/o20Hfw669rLbMCDWtYZLvmJigy2f0MxsXF+71pxhR3xOkspmsO8h3ZlNzyibAmtCa3l4lYKk6gQ==",
      "license": "MIT",
      "dependencies": {
        "scheduler": "^0.27.0"
      },
      "peerDependencies": {
        "react": "^19.2.7"
      }
    },
    "node_modules/scheduler": {
      "version": "0.27.0",
      "resolved": "https://registry.npmjs.org/scheduler/-/scheduler-0.27.0.tgz",
      "integrity": "sha512-eNv+WrVbKu1f3vbYJT/xtiF5syA5HPIMtf9IgY/nKg0sWqzAUEvqY/xm7OcZc/qafLx/iO9FgOmeSAp4v5ti/Q==",
      "license": "MIT"
    }
  }
}
